<?xml version="1.0" encoding="utf-8"?>
<Project ToolsVersion="4.0" xmlns="http://schemas.microsoft.com/developer/msbuild/2003">
  <ItemGroup>
    <Filter Include="Shaders">
      <UniqueIdentifier>{9d9602fa-e421-4790-b73a-71f290c23e55}</UniqueIdentifier>
    </Filter>
    <Filter Include="Assets">
      <UniqueIdentifier>{f2e75475-53ea-4f0b-9c5f-f4bd37caeb32}</UniqueIdentifier>
    </Filter>
    <Filter Include="Tools">
      <UniqueIdentifier>{1c3cc334-dcab-4b25-b004-6b147b39fde8}</UniqueIdentifier>
    </Filter>
    <Filter Include="Tools\ImGui">
      <UniqueIdentifier>{47e044ba-9cc1-48fb-8128-f4e500d94409}</UniqueIdentifier>
    </Filter>
    <Filter Include="Tools\assimp">
      <UniqueIdentifier>{1dd3c88a-2405-448b-8931-4f0c6b3b28fc}</UniqueIdentifier>
    </Filter>
    <Filter Include="Tools\RTXDI">
      <UniqueIdentifier>{77ec8940-2aad-4dbf-b611-b0cfe1301219}</UniqueIdentifier>
    </Filter>
    <Filter Include="Engine">
      <UniqueIdentifier>{4FC737F1-C7A5-4376-A066-2A32D752A2FF}</UniqueIdentifier>
      <Extensions>cpp;c;cc;cxx;def;odl;idl;hpj;bat;asm;asmx</Extensions>
    </Filter>
    <Filter Include="Engine\Scenery Objects">
      <UniqueIdentifier>{b6155926-dee7-48dd-b1a3-535aa95e6c9c}</UniqueIdentifier>
    </Filter>
    <Filter Include="Engine\Scenery Objects\Terrain">
      <UniqueIdentifier>{bf4a44e2-d66b-4b53-b456-b19b9c77d053}</UniqueIdentifier>
    </Filter>
    <Filter Include="Engine\Scenery Objects\Sky">
      <UniqueIdentifier>{b08840bd-4e72-49b6-a2b6-1a1d07aa3baa}</UniqueIdentifier>
    </Filter>
    <Filter Include="Engine\Scenery Objects\Mesh">
      <UniqueIdentifier>{af324ce9-25cf-4f44-9352-ae66edfc16ad}</UniqueIdentifier>
    </Filter>
    <Filter Include="Engine\Scenery Objects\Camera">
      <UniqueIdentifier>{86c74303-d16f-4ac5-8b7d-6bfe7f3f35fb}</UniqueIdentifier>
    </Filter>
    <Filter Include="Engine\Renderer">
      <UniqueIdentifier>{5da5aa90-7970-4a77-92ed-58de9922e116}</UniqueIdentifier>
    </Filter>
    <Filter Include="Engine\System">
      <UniqueIdentifier>{63dd6b50-363d-4f75-9056-7121fa24d55f}</UniqueIdentifier>
    </Filter>
    <Filter Include="Engine\System\Containers">
      <UniqueIdentifier>{1c0ce596-ffb9-4ca6-90ca-f5252e2f1d8e}</UniqueIdentifier>
    </Filter>
    <Filter Include="Engine\Math Library">
      <UniqueIdentifier>{f15ead27-d1a4-4be5-9591-3ebc60b67574}</UniqueIdentifier>
    </Filter>
    <Filter Include="Engine\Assets">
      <UniqueIdentifier>{109d8ce1-ff21-4953-a011-af409bf61a17}</UniqueIdentifier>
    </Filter>
    <Filter Include="Engine\Assets\Materials">
      <UniqueIdentifier>{d13b3f79-978f-4742-b26c-ca474335a170}</UniqueIdentifier>
    </Filter>
    <Filter Include="Engine\Assets\Materials\Load">
      <UniqueIdentifier>{9c2ea980-4a81-4c9e-9885-b908baf951d9}</UniqueIdentifier>
    </Filter>
    <Filter Include="Engine\Assets\Import">
      <UniqueIdentifier>{c9ed1d51-1f6b-44c8-8188-7a93b2028f0a}</UniqueIdentifier>
    </Filter>
    <Filter Include="Engine\InputManager">
      <UniqueIdentifier>{ced36fe0-63d3-45bd-b74e-d68769027786}</UniqueIdentifier>
    </Filter>
    <Filter Include="Engine\Script Objects">
      <UniqueIdentifier>{3be30e24-cf3d-4490-924d-08d7940dac60}</UniqueIdentifier>
    </Filter>
    <Filter Include="Engine\Script Objects\CameraFree">
      <UniqueIdentifier>{967445df-b42b-47af-ad52-d7477641fdf0}</UniqueIdentifier>
    </Filter>
    <Filter Include="Engine\PC">
      <UniqueIdentifier>{aacb45ab-2fee-4094-a6d3-5c23d3eae63e}</UniqueIdentifier>
    </Filter>
    <Filter Include="Engine\PC\Fichiers de ressources">
      <UniqueIdentifier>{67DA6AB6-F800-4c08-8B7A-83BB121AAD01}</UniqueIdentifier>
      <Extensions>rc;ico;cur;bmp;dlg;rc2;rct;bin;rgs;gif;jpg;jpeg;jpe;resx;tiff;tif;png;wav</Extensions>
    </Filter>
    <Filter Include="Engine\PC\D3D12">
      <UniqueIdentifier>{e12b9704-806a-4220-be6b-fd045eab7013}</UniqueIdentifier>
    </Filter>
    <Filter Include="Engine\PC\Vulkan">
      <UniqueIdentifier>{665beda8-144c-439d-8be8-29cb2cbeaf3a}</UniqueIdentifier>
    </Filter>
  </ItemGroup>
  <ItemGroup>
    <ClCompile Include="SandBox.cpp">
      <Filter>Engine</Filter>
    </ClCompile>
    <ClCompile Include="Terrain.cpp">
      <Filter>Engine\Scenery Objects\Terrain</Filter>
    </ClCompile>
    <ClCompile Include="Sky.cpp">
      <Filter>Engine\Scenery Objects\Sky</Filter>
    </ClCompile>
    <ClCompile Include="Mesh.cpp">
      <Filter>Engine\Scenery Objects\Mesh</Filter>
    </ClCompile>
    <ClCompile Include="MeshLoad.cpp">
      <Filter>Engine\Scenery Objects\Mesh</Filter>
    </ClCompile>
    <ClCompile Include="PrimitiveBuffers.cpp">
      <Filter>Engine\Renderer</Filter>
    </ClCompile>
    <ClCompile Include="Renderer.cpp">
      <Filter>Engine\Renderer</Filter>
    </ClCompile>
    <ClCompile Include="RendererInit.cpp">
      <Filter>Engine\Renderer</Filter>
    </ClCompile>
    <ClCompile Include="RendererShader.cpp">
      <Filter>Engine\Renderer</Filter>
    </ClCompile>
    <ClCompile Include="SandBoxDebug.cpp">
      <Filter>Engine\System</Filter>
    </ClCompile>
    <ClCompile Include="SandBoxMemory.cpp">
      <Filter>Engine\System</Filter>
    </ClCompile>
    <ClCompile Include="Bitmap.cpp">
      <Filter>Engine\Assets\Materials</Filter>
    </ClCompile>
    <ClCompile Include="Material.cpp">
      <Filter>Engine\Assets\Materials</Filter>
    </ClCompile>
    <ClCompile Include="BitmapLoadDDS.cpp">
      <Filter>Engine\Assets\Materials\Load</Filter>
    </ClCompile>
    <ClCompile Include="InputManager.cpp">
      <Filter>Engine\InputManager</Filter>
    </ClCompile>
    <ClCompile Include="DXRendererResource.cpp">
      <Filter>Engine\PC</Filter>
    </ClCompile>
    <ClCompile Include="WinMain.cpp">
      <Filter>Engine\PC</Filter>
    </ClCompile>
    <ClCompile Include="WinTimer.cpp">
      <Filter>Engine\PC</Filter>
    </ClCompile>
    <ClCompile Include="WinInputManager.cpp">
      <Filter>Engine\PC</Filter>
    </ClCompile>
    <ClCompile Include="GraphObject.cpp">
      <Filter>Engine\Scenery Objects</Filter>
    </ClCompile>
    <ClCompile Include="Camera.cpp">
      <Filter>Engine\Scenery Objects\Camera</Filter>
    </ClCompile>
    <ClCompile Include="ScriptObject.cpp">
      <Filter>Engine\Script Objects</Filter>
    </ClCompile>
    <ClCompile Include="CameraFree.cpp">
      <Filter>Engine\Script Objects\CameraFree</Filter>
    </ClCompile>
    <ClCompile Include="AssetCache.cpp">
      <Filter>Engine\Assets</Filter>
    </ClCompile>
    <ClCompile Include="SandBoxFile.cpp">
      <Filter>Engine\System</Filter>
    </ClCompile>
    <ClCompile Include="WinFile.cpp">
      <Filter>Engine\PC</Filter>
    </ClCompile>
    <ClCompile Include="DXRenderer.cpp">
      <Filter>Engine\PC</Filter>
    </ClCompile>
    <ClCompile Include="DXRendererInit.cpp">
      <Filter>Engine\PC</Filter>
    </ClCompile>
    <ClCompile Include="D3D12HALSwapChain.cpp">
      <Filter>Engine\PC\D3D12</Filter>
    </ClCompile>
    <ClCompile Include="D3D12HALShaders.cpp">
      <Filter>Engine\PC\D3D12</Filter>
    </ClCompile>
    <ClCompile Include="D3D12HALBuffers.cpp">
      <Filter>Engine\PC\D3D12</Filter>
    </ClCompile>
    <ClCompile Include="D3D12HALConstantBuffer.cpp">
      <Filter>Engine\PC\D3D12</Filter>
    </ClCompile>
    <ClCompile Include="..\Tools\imgui\imgui.cpp">
      <Filter>Tools\ImGui</Filter>
    </ClCompile>
    <ClCompile Include="..\Tools\imgui\imgui_demo.cpp">
      <Filter>Tools\ImGui</Filter>
    </ClCompile>
    <ClCompile Include="..\Tools\imgui\imgui_draw.cpp">
      <Filter>Tools\ImGui</Filter>
    </ClCompile>
    <ClCompile Include="..\Tools\imgui\imgui_widgets.cpp">
      <Filter>Tools\ImGui</Filter>
    </ClCompile>
    <ClCompile Include="RendererImGui.cpp">
      <Filter>Engine\Renderer</Filter>
    </ClCompile>
    <ClCompile Include="D3D12HALTexture.cpp">
      <Filter>Engine\PC\D3D12</Filter>
    </ClCompile>
    <ClCompile Include="D3D12HALPipelineState.cpp">
      <Filter>Engine\PC\D3D12</Filter>
    </ClCompile>
    <ClCompile Include="D3D12HALDescriptorHeaps.cpp">
      <Filter>Engine\PC\D3D12</Filter>
    </ClCompile>
    <ClCompile Include="D3D12HALSamplerState.cpp">
      <Filter>Engine\PC\D3D12</Filter>
    </ClCompile>
    <ClCompile Include="Model.cpp">
      <Filter>Engine\Scenery Objects\Mesh</Filter>
    </ClCompile>
    <ClCompile Include="ModelH3D.cpp">
      <Filter>Engine\Scenery Objects\Mesh</Filter>
    </ClCompile>
    <ClCompile Include="..\Tools\imgui\imgui_tables.cpp">
      <Filter>Tools\ImGui</Filter>
    </ClCompile>
    <ClCompile Include="SceneImporter.cpp">
      <Filter>Engine\Assets\Import</Filter>
    </ClCompile>
    <ClCompile Include="stdafx.cpp" />
    <ClCompile Include="..\Tools\RTXDI\Source\RtxdiUtils.cpp">
      <Filter>Tools\RTXDI</Filter>
    </ClCompile>
    <ClCompile Include="..\Tools\RTXDI\Source\ReGIR.cpp">
      <Filter>Tools\RTXDI</Filter>
    </ClCompile>
    <ClCompile Include="..\Tools\RTXDI\Source\ReSTIRDI.cpp">
      <Filter>Tools\RTXDI</Filter>
    </ClCompile>
    <ClCompile Include="..\Tools\RTXDI\Source\ReSTIRGI.cpp">
      <Filter>Tools\RTXDI</Filter>
    </ClCompile>
    <ClCompile Include="..\Tools\RTXDI\Source\RISBufferSegmentAllocator.cpp">
      <Filter>Tools\RTXDI</Filter>
    </ClCompile>
    <ClCompile Include="..\Tools\RTXDI\Source\ImportanceSamplingContext.cpp">
      <Filter>Tools\RTXDI</Filter>
    </ClCompile>
    <ClCompile Include="D3D12HALRaytracing.cpp">
      <Filter>Engine\PC\D3D12</Filter>
    </ClCompile>
    <ClCompile Include="ImageImporter.cpp">
      <Filter>Engine\Assets\Import</Filter>
    </ClCompile>
  </ItemGroup>
  <ItemGroup>
    <ClInclude Include="SandBox.h">
      <Filter>Engine</Filter>
    </ClInclude>
    <ClInclude Include="Includes\GraphObject.h">
      <Filter>Engine\Scenery Objects</Filter>
    </ClInclude>
    <ClInclude Include="Includes\Terrain.h">
      <Filter>Engine\Scenery Objects\Terrain</Filter>
    </ClInclude>
    <ClInclude Include="Includes\Sky.h">
      <Filter>Engine\Scenery Objects\Sky</Filter>
    </ClInclude>
    <ClInclude Include="Includes\Mesh.h">
      <Filter>Engine\Scenery Objects\Mesh</Filter>
    </ClInclude>
    <ClInclude Include="Includes\MeshSDKMesh.h">
      <Filter>Engine\Scenery Objects\Mesh</Filter>
    </ClInclude>
    <ClInclude Include="Includes\PrimitiveBuffers.h">
      <Filter>Engine\Renderer</Filter>
    </ClInclude>
    <ClInclude Include="Includes\Renderer.h">
      <Filter>Engine\Renderer</Filter>
    </ClInclude>
    <ClInclude Include="Includes\RendererShader.h">
      <Filter>Engine\Renderer</Filter>
    </ClInclude>
    <ClInclude Include="Includes\ShaderConstants.h">
      <Filter>Engine\Renderer</Filter>
    </ClInclude>
    <ClInclude Include="Includes\SandBoxDebug.h">
      <Filter>Engine\System</Filter>
    </ClInclude>
    <ClInclude Include="Includes\SandBoxMemory.h">
      <Filter>Engine\System</Filter>
    </ClInclude>
    <ClInclude Include="Includes\SandBoxThread.h">
      <Filter>Engine\System</Filter>
    </ClInclude>
    <ClInclude Include="Includes\SandBoxTypes.h">
      <Filter>Engine\System</Filter>
    </ClInclude>
    <ClInclude Include="Includes\DynArray.h">
      <Filter>Engine\System\Containers</Filter>
    </ClInclude>
    <ClInclude Include="Includes\VectorLib.h">
      <Filter>Engine\Math Library</Filter>
    </ClInclude>
    <ClInclude Include="Includes\VectorLib.inl.h">
      <Filter>Engine\Math Library</Filter>
    </ClInclude>
    <ClInclude Include="Includes\Bitmap.h">
      <Filter>Engine\Assets\Materials</Filter>
    </ClInclude>
    <ClInclude Include="Includes\Bitmap.inl.h">
      <Filter>Engine\Assets\Materials</Filter>
    </ClInclude>
    <ClInclude Include="Includes\BitmapFlags.h">
      <Filter>Engine\Assets\Materials</Filter>
    </ClInclude>
    <ClInclude Include="Includes\Material.h">
      <Filter>Engine\Assets\Materials</Filter>
    </ClInclude>
    <ClInclude Include="Includes\InputManager.h">
      <Filter>Engine\InputManager</Filter>
    </ClInclude>
    <ClInclude Include="Includes\DXRenderer.h">
      <Filter>Engine\PC</Filter>
    </ClInclude>
    <ClInclude Include="targetver.h">
      <Filter>Engine\PC</Filter>
    </ClInclude>
    <ClInclude Include="Includes\WinMain.h">
      <Filter>Engine\PC</Filter>
    </ClInclude>
    <ClInclude Include="Resource.h">
      <Filter>Engine\PC\Fichiers de ressources</Filter>
    </ClInclude>
    <ClInclude Include="stdafx.h" />
    <ClInclude Include="Includes\WinInputManager.h">
      <Filter>Engine\PC</Filter>
    </ClInclude>
    <ClInclude Include="Includes\Camera.h">
      <Filter>Engine\Scenery Objects\Camera</Filter>
    </ClInclude>
    <ClInclude Include="Includes\ScriptObject.h">
      <Filter>Engine\Script Objects</Filter>
    </ClInclude>
    <ClInclude Include="Includes\CameraFree.h">
      <Filter>Engine\Script Objects\CameraFree</Filter>
    </ClInclude>
    <ClInclude Include="Includes\AssetCache.h">
      <Filter>Engine\Assets</Filter>
    </ClInclude>
    <ClInclude Include="Includes\WinFile.h">
      <Filter>Engine\PC</Filter>
    </ClInclude>
    <ClInclude Include="Includes\SandBoxFile.h">
      <Filter>Engine\System</Filter>
    </ClInclude>
    <ClInclude Include="Includes\D3D12HAL.h">
      <Filter>Engine\PC\D3D12</Filter>
    </ClInclude>
    <ClInclude Include="Includes\D3D12HALBuffers.h">
      <Filter>Engine\PC\D3D12</Filter>
    </ClInclude>
    <ClInclude Include="Includes\d3dx12.h">
      <Filter>Engine\PC\D3D12</Filter>
    </ClInclude>
    <ClInclude Include="Includes\D3D12HALConstantBuffer.h">
      <Filter>Engine\PC\D3D12</Filter>
    </ClInclude>
    <ClInclude Include="..\Tools\imgui\imconfig.h">
      <Filter>Tools\ImGui</Filter>
    </ClInclude>
    <ClInclude Include="..\Tools\imgui\imgui.h">
      <Filter>Tools\ImGui</Filter>
    </ClInclude>
    <ClInclude Include="..\Tools\imgui\imgui_internal.h">
      <Filter>Tools\ImGui</Filter>
    </ClInclude>
    <ClInclude Include="..\Tools\imgui\imstb_rectpack.h">
      <Filter>Tools\ImGui</Filter>
    </ClInclude>
    <ClInclude Include="..\Tools\imgui\imstb_textedit.h">
      <Filter>Tools\ImGui</Filter>
    </ClInclude>
    <ClInclude Include="..\Tools\imgui\imstb_truetype.h">
      <Filter>Tools\ImGui</Filter>
    </ClInclude>
    <ClInclude Include="Includes\RendererPipelineState.h">
      <Filter>Engine\Renderer</Filter>
    </ClInclude>
    <ClInclude Include="Includes\D3D12HALDescriptorHeaps.h">
      <Filter>Engine\PC\D3D12</Filter>
    </ClInclude>
    <ClInclude Include="Includes\D3D12HALSamplerState.h">
      <Filter>Engine\PC\D3D12</Filter>
    </ClInclude>
    <ClInclude Include="Includes\Model.h">
      <Filter>Engine\Scenery Objects\Mesh</Filter>
    </ClInclude>
    <ClInclude Include="Includes\SceneImporter.h">
      <Filter>Engine\Assets\Import</Filter>
    </ClInclude>
    <ClInclude Include="Includes\tinyddsloader.h">
      <Filter>Engine\Assets\Materials\Load</Filter>
    </ClInclude>
    <ClInclude Include="..\Tools\RTXDI\Include\Rtxdi\ImportanceSamplingContext.h">
      <Filter>Tools\RTXDI</Filter>
    </ClInclude>
    <ClInclude Include="..\Tools\RTXDI\Include\Rtxdi\RtxdiParameters.h">
      <Filter>Tools\RTXDI</Filter>
    </ClInclude>
    <ClInclude Include="..\Tools\RTXDI\Include\Rtxdi\RtxdiTypes.h">
      <Filter>Tools\RTXDI</Filter>
    </ClInclude>
    <ClInclude Include="..\Tools\RTXDI\Include\Rtxdi\RtxdiUtils.h">
      <Filter>Tools\RTXDI</Filter>
    </ClInclude>
  </ItemGroup>
  <ItemGroup>
    <None Include="SandBox.ico">
      <Filter>Engine\PC\Fichiers de ressources</Filter>
    </None>
    <None Include="small.ico">
      <Filter>Engine\PC\Fichiers de ressources</Filter>
    </None>
    <None Include="ReadMe.txt" />
    <None Include="packages.config" />
    <None Include="PropertySheets\Common.props" />
    <None Include="DeployDeps.bat">
      <Filter>Engine</Filter>
    </None>
  </ItemGroup>
  <ItemGroup>
    <ResourceCompile Include="SandBox.rc">
      <Filter>Engine\PC\Fichiers de ressources</Filter>
    </ResourceCompile>
  </ItemGroup>
  <ItemGroup>
    <AppxManifest Include="Package.appxmanifest" />
  </ItemGroup>
  <ItemGroup>
    <Image Include="Assets\Logo.png">
      <Filter>Assets</Filter>
    </Image>
    <Image Include="Assets\SmallLogo.png">
      <Filter>Assets</Filter>
    </Image>
    <Image Include="Assets\SplashScreen.png">
      <Filter>Assets</Filter>
    </Image>
    <Image Include="Assets\StoreLogo.png">
      <Filter>Assets</Filter>
    </Image>
    <Image Include="Assets\WideLogo.scale-100.png">
      <Filter>Engine\PC\Fichiers de ressources</Filter>
    </Image>
  </ItemGroup>
</Project>