
Microsoft Visual Studio Solution File, Format Version 12.00
# Visual Studio Version 17
VisualStudioVersion = 17.9.34622.214
MinimumVisualStudioVersion = 10.0.40219.1
Project("{8BC9CEB8-8B4A-11D0-8D11-00A0C91BC942}") = "SandBox", "SandBox\SandBox.vcxproj", "{32BBB653-D545-4C2A-A2C3-7BD9CE724553}"
EndProject
Project("{2150E333-8FDC-42A3-9474-1A3956D46DE8}") = "Runtime", "Runtime", "{B3094E61-B546-481B-B3F5-2BD46B0C5977}"
EndProject
Project("{8BC9CEB8-8B4A-11D0-8D11-00A0C91BC942}") = "ShaderLibrary", "Shaders\ShaderLibrary\ShaderLibrary.vcxitems", "{90A745B6-9AB1-4D71-A64C-F7FD22C96F4B}"
EndProject
Global
	GlobalSection(SolutionConfigurationPlatforms) = preSolution
		Debug DX12|x64 = Debug DX12|x64
		Release|x64 = Release|x64
	EndGlobalSection
	GlobalSection(ProjectConfigurationPlatforms) = postSolution
		{32BBB653-D545-4C2A-A2C3-7BD9CE724553}.Debug DX12|x64.ActiveCfg = Debug DX12|x64
		{32BBB653-D545-4C2A-A2C3-7BD9CE724553}.Debug DX12|x64.Build.0 = Debug DX12|x64
		{32BBB653-D545-4C2A-A2C3-7BD9CE724553}.Release|x64.ActiveCfg = Release|x64
		{32BBB653-D545-4C2A-A2C3-7BD9CE724553}.Release|x64.Build.0 = Release|x64
	EndGlobalSection
	GlobalSection(SolutionProperties) = preSolution
		HideSolutionNode = FALSE
	EndGlobalSection
	GlobalSection(NestedProjects) = preSolution
		{32BBB653-D545-4C2A-A2C3-7BD9CE724553} = {B3094E61-B546-481B-B3F5-2BD46B0C5977}
		{90A745B6-9AB1-4D71-A64C-F7FD22C96F4B} = {B3094E61-B546-481B-B3F5-2BD46B0C5977}
	EndGlobalSection
	GlobalSection(ExtensibilityGlobals) = postSolution
		SolutionGuid = {3BF1EDA3-8EBC-44BA-A031-F90A7866104D}
	EndGlobalSection
EndGlobal
