
Microsoft Visual Studio Solution File, Format Version 12.00
# Visual Studio 15
VisualStudioVersion = 15.0.26730.12
MinimumVisualStudioVersion = 10.0.40219.1
Project("{8BC9CEB8-8B4A-11D0-8D11-00A0C91BC942}") = "SandBox", "SandBox\SandBox.vcxproj", "{32BBB653-D545-4C2A-A2C3-7BD9CE724553}"
EndProject
Project("{2150E333-8FDC-42A3-9474-1A3956D46DE8}") = "Runtime", "Runtime", "{B3094E61-B546-481B-B3F5-2BD46B0C5977}"
EndProject
Global
	GlobalSection(SolutionConfigurationPlatforms) = preSolution
		Debug DX11|x64 = Debug DX11|x64
		Debug DX11|x86 = Debug DX11|x86
		Debug DX12|x64 = Debug DX12|x64
		Debug DX12|x86 = Debug DX12|x86
		Release DX11|x64 = Release DX11|x64
		Release DX11|x86 = Release DX11|x86
	EndGlobalSection
	GlobalSection(ProjectConfigurationPlatforms) = postSolution
		{32BBB653-D545-4C2A-A2C3-7BD9CE724553}.Debug DX11|x64.ActiveCfg = Debug DX11|x64
		{32BBB653-D545-4C2A-A2C3-7BD9CE724553}.Debug DX11|x64.Build.0 = Debug DX11|x64
		{32BBB653-D545-4C2A-A2C3-7BD9CE724553}.Debug DX11|x86.ActiveCfg = Debug DX11|Win32
		{32BBB653-D545-4C2A-A2C3-7BD9CE724553}.Debug DX11|x86.Build.0 = Debug DX11|Win32
		{32BBB653-D545-4C2A-A2C3-7BD9CE724553}.Debug DX12|x64.ActiveCfg = Debug DX12|x64
		{32BBB653-D545-4C2A-A2C3-7BD9CE724553}.Debug DX12|x64.Build.0 = Debug DX12|x64
		{32BBB653-D545-4C2A-A2C3-7BD9CE724553}.Debug DX12|x86.ActiveCfg = Debug DX12|Win32
		{32BBB653-D545-4C2A-A2C3-7BD9CE724553}.Debug DX12|x86.Build.0 = Debug DX12|Win32
		{32BBB653-D545-4C2A-A2C3-7BD9CE724553}.Release DX11|x64.ActiveCfg = Release DX11|x64
		{32BBB653-D545-4C2A-A2C3-7BD9CE724553}.Release DX11|x64.Build.0 = Release DX11|x64
		{32BBB653-D545-4C2A-A2C3-7BD9CE724553}.Release DX11|x86.ActiveCfg = Release DX11|Win32
		{32BBB653-D545-4C2A-A2C3-7BD9CE724553}.Release DX11|x86.Build.0 = Release DX11|Win32
	EndGlobalSection
	GlobalSection(SolutionProperties) = preSolution
		HideSolutionNode = FALSE
	EndGlobalSection
	GlobalSection(NestedProjects) = preSolution
		{32BBB653-D545-4C2A-A2C3-7BD9CE724553} = {B3094E61-B546-481B-B3F5-2BD46B0C5977}
	EndGlobalSection
	GlobalSection(ExtensibilityGlobals) = postSolution
		SolutionGuid = {3BF1EDA3-8EBC-44BA-A031-F90A7866104D}
	EndGlobalSection
EndGlobal
